# THIS IS AN AUTOGENERATED FILE. DO NOT EDIT THIS FILE DIRECTLY.
# yarn lockfile v1


"@discordjs/builders@^0.5.0":
  version "0.5.0"
  resolved "https://registry.yarnpkg.com/@discordjs/builders/-/builders-0.5.0.tgz#646cbea9cc67f68639e6fb70ed1278b26dacdb14"
  integrity sha512-HP5y4Rqw68o61Qv4qM5tVmDbWi4mdTFftqIOGRo33SNPpLJ1Ga3KEIR2ibKofkmsoQhEpLmopD1AZDs3cKpHuw==
  dependencies:
    "@sindresorhus/is" "^4.0.1"
    discord-api-types "^0.22.0"
    ow "^0.27.0"
    ts-mixer "^6.0.0"
    tslib "^2.3.0"

"@discordjs/collection@^0.2.1":
  version "0.2.1"
  resolved "https://registry.yarnpkg.com/@discordjs/collection/-/collection-0.2.1.tgz#ea4bc7b41b7b7b6daa82e439141222ec95c469b2"
  integrity sha512-vhxqzzM8gkomw0TYRF3tgx7SwElzUlXT/Aa41O7mOcyN6wIJfj5JmDWaO5XGKsGSsNx7F3i5oIlrucCCWV1Nog==

"@discordjs/form-data@^3.0.1":
  version "3.0.1"
  resolved "https://registry.yarnpkg.com/@discordjs/form-data/-/form-data-3.0.1.tgz#5c9e6be992e2e57d0dfa0e39979a850225fb4697"
  integrity sha512-ZfFsbgEXW71Rw/6EtBdrP5VxBJy4dthyC0tpQKGKmYFImlmmrykO14Za+BiIVduwjte0jXEBlhSKf0MWbFp9Eg==
  dependencies:
    asynckit "^0.4.0"
    combined-stream "^1.0.8"
    mime-types "^2.1.12"

"@sapphire/async-queue@^1.1.4":
  version "1.1.4"
  resolved "https://registry.yarnpkg.com/@sapphire/async-queue/-/async-queue-1.1.4.tgz#ae431310917a8880961cebe8e59df6ffa40f2957"
  integrity sha512-fFrlF/uWpGOX5djw5Mu2Hnnrunao75WGey0sP0J3jnhmrJ5TAPzHYOmytD5iN/+pMxS+f+u/gezqHa9tPhRHEA==

"@sindresorhus/is@^4.0.1":
  version "4.2.0"
  resolved "https://registry.yarnpkg.com/@sindresorhus/is/-/is-4.2.0.tgz#667bfc6186ae7c9e0b45a08960c551437176e1ca"
  integrity sha512-VkE3KLBmJwcCaVARtQpfuKcKv8gcBmUubrfHGF84dXuuW6jgsRYxPtzcIhPyK9WAPpRt2/xY6zkD9MnRaJzSyw==

"@types/node@*", "@types/node@^16.9.6":
  version "16.9.6"
  resolved "https://registry.yarnpkg.com/@types/node/-/node-16.9.6.tgz#040a64d7faf9e5d9e940357125f0963012e66f04"
  integrity sha512-YHUZhBOMTM3mjFkXVcK+WwAcYmyhe1wL4lfqNtzI0b3qAy7yuSetnM7QJazgE5PFmgVTNGiLOgRFfJMqW7XpSQ==

"@types/pino-pretty@*":
  version "4.7.1"
  resolved "https://registry.yarnpkg.com/@types/pino-pretty/-/pino-pretty-4.7.1.tgz#2ce3f56f3cf4f9632374419d616ae2e6c933b935"
  integrity sha512-l1ntNXdpVWsnPYUk5HyO5Lxfr38zLCgxVfEn/9Zhhm+nGF04/BiIou/m8XPwvoVZLV+livUo79VdHXMJPfUYxA==
  dependencies:
    "@types/pino" "*"

"@types/pino-std-serializers@*":
  version "2.4.1"
  resolved "https://registry.yarnpkg.com/@types/pino-std-serializers/-/pino-std-serializers-2.4.1.tgz#f8bd52a209c8b3c97d1533b1ba27f57c816382bf"
  integrity sha512-17XcksO47M24IVTVKPeAByWUd3Oez7EbIjXpSbzMPhXVzgjGtrOa49gKBwxH9hb8dKv58OelsWQ+A1G1l9S3wQ==
  dependencies:
    "@types/node" "*"

"@types/pino@*", "@types/pino@^6.3.11":
  version "6.3.11"
  resolved "https://registry.yarnpkg.com/@types/pino/-/pino-6.3.11.tgz#83652799e76b3ad692aaf68f6fbf994e83af5db2"
  integrity sha512-S7+fLONqSpHeW9d7TApUqO6VN47KYgOXhCNKwGBVLHObq8HhaAYlVqUNdfnvoXjCMiwE5xcPm/5R2ZUh8bgaXQ==
  dependencies:
    "@types/node" "*"
    "@types/pino-pretty" "*"
    "@types/pino-std-serializers" "*"
    sonic-boom "^2.1.0"

"@types/ws@^7.4.7":
  version "7.4.7"
  resolved "https://registry.yarnpkg.com/@types/ws/-/ws-7.4.7.tgz#f7c390a36f7a0679aa69de2d501319f4f8d9b702"
  integrity sha512-JQbbmxZTZehdc2iszGKs5oC3NFnjeay7mtAWrdt7qNtAVK0g19muApzAy4bm9byz79xa2ZnO/BOBC2R8RC5Lww==
  dependencies:
    "@types/node" "*"

ansi-styles@^3.2.1:
  version "3.2.1"
  resolved "https://registry.yarnpkg.com/ansi-styles/-/ansi-styles-3.2.1.tgz#41fbb20243e50b12be0f04b8dedbf07520ce841d"
  integrity sha512-VT0ZI6kZRdTh8YyJw3SMbYm/u+NqfsAxEpWO0Pf9sq8/e94WxxOpPKx9FR1FlyCtOVDNOQ+8ntlqFxiRc+r5qA==
  dependencies:
    color-convert "^1.9.0"

args@^5.0.1:
  version "5.0.1"
  resolved "https://registry.yarnpkg.com/args/-/args-5.0.1.tgz#4bf298df90a4799a09521362c579278cc2fdd761"
  integrity sha512-1kqmFCFsPffavQFGt8OxJdIcETti99kySRUPMpOhaGjL6mRJn8HFU1OxKY5bMqfZKUwTQc1mZkAjmGYaVOHFtQ==
  dependencies:
    camelcase "5.0.0"
    chalk "2.4.2"
    leven "2.1.0"
    mri "1.1.4"

asynckit@^0.4.0:
  version "0.4.0"
  resolved "https://registry.yarnpkg.com/asynckit/-/asynckit-0.4.0.tgz#c79ed97f7f34cb8f2ba1bc9790bcc366474b4b79"
  integrity sha1-x57Zf380y48robyXkLzDZkdLS3k=

atomic-sleep@^1.0.0:
  version "1.0.0"
  resolved "https://registry.yarnpkg.com/atomic-sleep/-/atomic-sleep-1.0.0.tgz#eb85b77a601fc932cfe432c5acd364a9e2c9075b"
  integrity sha512-kNOjDqAh7px0XWNI+4QbzoiR/nTkHAWNud2uvnJquD1/x5a7EQZMJT0AczqK0Qn67oY/TTQ1LbUKajZpp3I9tQ==

axios@^0.20.0:
  version "0.20.0"
  resolved "https://registry.yarnpkg.com/axios/-/axios-0.20.0.tgz#057ba30f04884694993a8cd07fa394cff11c50bd"
  integrity sha512-ANA4rr2BDcmmAQLOKft2fufrtuvlqR+cXNNinUmvfeSNCOF98PZL+7M/v1zIdGo7OLjEA9J2gXJL+j4zGsl0bA==
  dependencies:
    follow-redirects "^1.10.0"

bufferutil@^4.0.3:
  version "4.0.3"
  resolved "https://registry.yarnpkg.com/bufferutil/-/bufferutil-4.0.3.tgz#66724b756bed23cd7c28c4d306d7994f9943cc6b"
  integrity sha512-yEYTwGndELGvfXsImMBLop58eaGW+YdONi1fNjTINSY98tmMmFijBG6WXgdkfuLNt4imzQNtIE+eBp1PVpMCSw==
  dependencies:
    node-gyp-build "^4.2.0"

callsites@^3.1.0:
  version "3.1.0"
  resolved "https://registry.yarnpkg.com/callsites/-/callsites-3.1.0.tgz#b3630abd8943432f54b3f0519238e33cd7df2f73"
  integrity sha512-P8BjAsXvZS+VIDUI11hHCQEv74YT67YUi5JJFNWIqL235sBmjX4+qx9Muvls5ivyNENctx46xQLQ3aTuE7ssaQ==

camelcase@5.0.0:
  version "5.0.0"
  resolved "https://registry.yarnpkg.com/camelcase/-/camelcase-5.0.0.tgz#03295527d58bd3cd4aa75363f35b2e8d97be2f42"
  integrity sha512-faqwZqnWxbxn+F1d399ygeamQNy3lPp/H9H6rNrqYh4FSVCtcY+3cub1MxA8o9mDd55mM8Aghuu/kuyYA6VTsA==

chalk@2.4.2:
  version "2.4.2"
  resolved "https://registry.yarnpkg.com/chalk/-/chalk-2.4.2.tgz#cd42541677a54333cf541a49108c1432b44c9424"
  integrity sha512-Mti+f9lpJNcwF4tWV8/OrTTtF1gZi+f8FqlyAdouralcFWFQWF2+NgCHShjkCb+IFBLq9buZwE1xckQU4peSuQ==
  dependencies:
    ansi-styles "^3.2.1"
    escape-string-regexp "^1.0.5"
    supports-color "^5.3.0"

color-convert@^1.9.0:
  version "1.9.3"
  resolved "https://registry.yarnpkg.com/color-convert/-/color-convert-1.9.3.tgz#bb71850690e1f136567de629d2d5471deda4c1e8"
  integrity sha512-QfAUtd+vFdAtFQcC8CCyYt1fYWxSqAiK2cSD6zDB8N3cpsEBAvRxp9zOGg6G/SHHJYAT88/az/IuDGALsNVbGg==
  dependencies:
    color-name "1.1.3"

color-name@1.1.3:
  version "1.1.3"
  resolved "https://registry.yarnpkg.com/color-name/-/color-name-1.1.3.tgz#a7d0558bd89c42f795dd42328f740831ca53bc25"
  integrity sha1-p9BVi9icQveV3UIyj3QIMcpTvCU=

colorette@^2.0.7:
  version "2.0.8"
  resolved "https://registry.yarnpkg.com/colorette/-/colorette-2.0.8.tgz#7d9975b017fbec35b3de7abc3813ed7858c4213d"
  integrity sha512-7NCeZ48vqlSQ0W2d+v2RaVyyeBnIWuK/+MRSjfCqbTvMU6YgiUl0Yh06Z5e1+UBx6l2xP3A09CgqaWXtxZ4tvw==

combined-stream@^1.0.8:
  version "1.0.8"
  resolved "https://registry.yarnpkg.com/combined-stream/-/combined-stream-1.0.8.tgz#c3d45a8b34fd730631a110a8a2520682b31d5a7f"
  integrity sha512-FQN4MRfuJeHf7cBbBMJFXhKSDq+2kAArBlmRBvcvFE5BB1HZKXtSFASDhdlz9zOYwxh8lDdnvmMOe/+5cdoEdg==
  dependencies:
    delayed-stream "~1.0.0"

dateformat@^4.6.3:
  version "4.6.3"
  resolved "https://registry.yarnpkg.com/dateformat/-/dateformat-4.6.3.tgz#556fa6497e5217fedb78821424f8a1c22fa3f4b5"
  integrity sha512-2P0p0pFGzHS5EMnhdxQi7aJN+iMheud0UhG4dlE1DLAlvL8JHjJJTX/CSm4JXwV0Ka5nGk3zC5mcb5bUQUxxMA==

delayed-stream@~1.0.0:
  version "1.0.0"
  resolved "https://registry.yarnpkg.com/delayed-stream/-/delayed-stream-1.0.0.tgz#df3ae199acadfb7d440aaae0b29e2272b24ec619"
  integrity sha1-3zrhmayt+31ECqrgsp4icrJOxhk=

discord-api-types@^0.22.0:
  version "0.22.0"
  resolved "https://registry.yarnpkg.com/discord-api-types/-/discord-api-types-0.22.0.tgz#34dc57fe8e016e5eaac5e393646cd42a7e1ccc2a"
  integrity sha512-l8yD/2zRbZItUQpy7ZxBJwaLX/Bs2TGaCthRppk8Sw24LOIWg12t9JEreezPoYD0SQcC2htNNo27kYEpYW/Srg==

discord.js@^13.1.0:
  version "13.1.0"
  resolved "https://registry.yarnpkg.com/discord.js/-/discord.js-13.1.0.tgz#99f6a2a8be88d31906ff0148e9b1cb603ebb2e2e"
  integrity sha512-gxO4CXKdHpqA+WKG+f5RNnd3srTDj5uFJHgOathksDE90YNq/Qijkd2WlMgTTMS6AJoEnHxI7G9eDQHCuZ+xDA==
  dependencies:
    "@discordjs/builders" "^0.5.0"
    "@discordjs/collection" "^0.2.1"
    "@discordjs/form-data" "^3.0.1"
    "@sapphire/async-queue" "^1.1.4"
    "@types/ws" "^7.4.7"
    discord-api-types "^0.22.0"
    node-fetch "^2.6.1"
    ws "^7.5.1"

dot-prop@^6.0.1:
  version "6.0.1"
  resolved "https://registry.yarnpkg.com/dot-prop/-/dot-prop-6.0.1.tgz#fc26b3cf142b9e59b74dbd39ed66ce620c681083"
  integrity sha512-tE7ztYzXHIeyvc7N+hR3oi7FIbf/NIjVP9hmAt3yMXzrQ072/fpjGLx2GxNxGxUl5V73MEqYzioOMoVhGMJ5cA==
  dependencies:
    is-obj "^2.0.0"

dotenv@^10.0.0:
  version "10.0.0"
  resolved "https://registry.yarnpkg.com/dotenv/-/dotenv-10.0.0.tgz#3d4227b8fb95f81096cdd2b66653fb2c7085ba81"
  integrity sha512-rlBi9d8jpv9Sf1klPjNfFAuWDjKLwTIJJ/VxtoTwIR6hnZxcEOQCZg2oIL3MWBYw5GpUDKOEnND7LXTbIpQ03Q==

end-of-stream@^1.1.0:
  version "1.4.4"
  resolved "https://registry.yarnpkg.com/end-of-stream/-/end-of-stream-1.4.4.tgz#5ae64a5f45057baf3626ec14da0ca5e4b2431eb0"
  integrity sha512-+uw1inIHVPQoaVuHzRyXd21icM+cnt4CzD5rW+NC1wjOUSTOs+Te7FOv7AhN7vS9x/oIyhLP5PR1H+phQAHu5Q==
  dependencies:
    once "^1.4.0"

erela.js-spotify@^1.2.0:
  version "1.2.0"
  resolved "https://registry.yarnpkg.com/erela.js-spotify/-/erela.js-spotify-1.2.0.tgz#ebbcbfde1e0eb8593d418ed9c578d758aad04701"
  integrity sha512-FbkdVK7OquVzyNVl4aZ3AU6RHRrHzBpORGorK5q+L26y3hB/7ze9mQ7uiOa5PsskskELRWepoluqke3U8edbmQ==
  dependencies:
    axios "^0.20.0"
    erela.js "^2.2.0"

erela.js@^2.2.0, "erela.js@git+https://github.com/MenuDocs/erela.js.git#819bdcd05dcac33941c1b5f1db4b421a00502056":
  version "2.3.3"
  resolved "git+https://github.com/MenuDocs/erela.js.git#819bdcd05dcac33941c1b5f1db4b421a00502056"
  dependencies:
    "@discordjs/collection" "^0.2.1"
    petitio "^1.3.2"
    ws "^8.1.0"

escape-string-regexp@^1.0.5:
  version "1.0.5"
  resolved "https://registry.yarnpkg.com/escape-string-regexp/-/escape-string-regexp-1.0.5.tgz#1b61c0562190a8dff6ae3bb2cf0200ca130b86d4"
  integrity sha1-G2HAViGQqN/2rjuyzwIAyhMLhtQ=

fast-redact@^3.0.0:
  version "3.0.2"
  resolved "https://registry.yarnpkg.com/fast-redact/-/fast-redact-3.0.2.tgz#c940ba7162dde3aeeefc522926ae8c5231412904"
  integrity sha512-YN+CYfCVRVMUZOUPeinHNKgytM1wPI/C/UCLEi56EsY2dwwvI00kIJHJoI7pMVqGoMew8SMZ2SSfHKHULHXDsg==

fast-safe-stringify@^2.0.7, fast-safe-stringify@^2.0.8:
  version "2.1.1"
  resolved "https://registry.yarnpkg.com/fast-safe-stringify/-/fast-safe-stringify-2.1.1.tgz#c406a83b6e70d9e35ce3b30a81141df30aeba884"
  integrity sha512-W+KJc2dmILlPplD/H4K9l9LcAHAfPtP6BY84uVLXQ6Evcz9Lcg33Y2z1IVblT6xdY54PXYVHEv+0Wpq8Io6zkA==

fastify-warning@^0.2.0:
  version "0.2.0"
  resolved "https://registry.yarnpkg.com/fastify-warning/-/fastify-warning-0.2.0.tgz#e717776026a4493dc9a2befa44db6d17f618008f"
  integrity sha512-s1EQguBw/9qtc1p/WTY4eq9WMRIACkj+HTcOIK1in4MV5aFaQC9ZCIt0dJ7pr5bIf4lPpHvAtP2ywpTNgs7hqw==

flatstr@^1.0.12:
  version "1.0.12"
  resolved "https://registry.yarnpkg.com/flatstr/-/flatstr-1.0.12.tgz#c2ba6a08173edbb6c9640e3055b95e287ceb5931"
  integrity sha512-4zPxDyhCyiN2wIAtSLI6gc82/EjqZc1onI4Mz/l0pWrAlsSfYH/2ZIcU+e3oA2wDwbzIWNKwa23F8rh6+DRWkw==

follow-redirects@^1.10.0:
  version "1.14.4"
  resolved "https://registry.yarnpkg.com/follow-redirects/-/follow-redirects-1.14.4.tgz#838fdf48a8bbdd79e52ee51fb1c94e3ed98b9379"
  integrity sha512-zwGkiSXC1MUJG/qmeIFH2HBJx9u0V46QGUe3YR1fXG8bXQxq7fLj0RjLZQ5nubr9qNJUZrH+xUcwXEoXNpfS+g==

has-flag@^3.0.0:
  version "3.0.0"
  resolved "https://registry.yarnpkg.com/has-flag/-/has-flag-3.0.0.tgz#b5d454dc2199ae225699f3467e5a07f3b955bafd"
  integrity sha1-tdRU3CGZriJWmfNGfloH87lVuv0=

inherits@^2.0.3:
  version "2.0.4"
  resolved "https://registry.yarnpkg.com/inherits/-/inherits-2.0.4.tgz#0fa2c64f932917c3433a0ded55363aae37416b7c"
  integrity sha512-k/vGaX4/Yla3WzyMCvTQOXYeIHvqOKtnqBduzTHpzpQZzAskKMhZ2K+EnBiSM9zGSoIFeMpXKxa4dYeZIQqewQ==

is-obj@^2.0.0:
  version "2.0.0"
  resolved "https://registry.yarnpkg.com/is-obj/-/is-obj-2.0.0.tgz#473fb05d973705e3fd9620545018ca8e22ef4982"
  integrity sha512-drqDG3cbczxxEJRoOXcOjtdp1J/lyp1mNn0xaznRs8+muBhgQcrnbspox5X5fOw0HnMnbfDzvnEMEtqDEJEo8w==

joycon@^3.0.0:
  version "3.0.1"
  resolved "https://registry.yarnpkg.com/joycon/-/joycon-3.0.1.tgz#9074c9b08ccf37a6726ff74a18485f85efcaddaf"
  integrity sha512-SJcJNBg32dGgxhPtM0wQqxqV0ax9k/9TaUskGDSJkSFSQOEWWvQ3zzWdGQRIUry2j1zA5+ReH13t0Mf3StuVZA==

leven@2.1.0:
  version "2.1.0"
  resolved "https://registry.yarnpkg.com/leven/-/leven-2.1.0.tgz#c2e7a9f772094dee9d34202ae8acce4687875580"
  integrity sha1-wuep93IJTe6dNCAq6KzORoeHVYA=

lodash.isequal@^4.5.0:
  version "4.5.0"
  resolved "https://registry.yarnpkg.com/lodash.isequal/-/lodash.isequal-4.5.0.tgz#415c4478f2bcc30120c22ce10ed3226f7d3e18e0"
  integrity sha1-QVxEePK8wwEgwizhDtMib30+GOA=

mime-db@1.49.0:
  version "1.49.0"
  resolved "https://registry.yarnpkg.com/mime-db/-/mime-db-1.49.0.tgz#f3dfde60c99e9cf3bc9701d687778f537001cbed"
  integrity sha512-CIc8j9URtOVApSFCQIF+VBkX1RwXp/oMMOrqdyXSBXq5RWNEsRfyj1kiRnQgmNXmHxPoFIxOroKA3zcU9P+nAA==

mime-types@^2.1.12:
  version "2.1.32"
  resolved "https://registry.yarnpkg.com/mime-types/-/mime-types-2.1.32.tgz#1d00e89e7de7fe02008db61001d9e02852670fd5"
  integrity sha512-hJGaVS4G4c9TSMYh2n6SQAGrC4RnfU+daP8G7cSCmaqNjiOoUY0VHCMS42pxnQmVF1GWwFhbHWn3RIxCqTmZ9A==
  dependencies:
    mime-db "1.49.0"

mri@1.1.4:
  version "1.1.4"
  resolved "https://registry.yarnpkg.com/mri/-/mri-1.1.4.tgz#7cb1dd1b9b40905f1fac053abe25b6720f44744a"
  integrity sha512-6y7IjGPm8AzlvoUrwAaw1tLnUBudaS3752vcd8JtrpGGQn+rXIe63LFVHm/YMwtqAuh+LJPCFdlLYPWM1nYn6w==

node-fetch@^2.6.1:
  version "2.6.5"
  resolved "https://registry.yarnpkg.com/node-fetch/-/node-fetch-2.6.5.tgz#42735537d7f080a7e5f78b6c549b7146be1742fd"
  integrity sha512-mmlIVHJEu5rnIxgEgez6b9GgWXbkZj5YZ7fx+2r94a2E+Uirsp6HsPTPlomfdHtpt/B0cdKviwkoaM6pyvUOpQ==
  dependencies:
    whatwg-url "^5.0.0"

node-gyp-build@^4.2.0:
  version "4.3.0"
  resolved "https://registry.yarnpkg.com/node-gyp-build/-/node-gyp-build-4.3.0.tgz#9f256b03e5826150be39c764bf51e993946d71a3"
  integrity sha512-iWjXZvmboq0ja1pUGULQBexmxq8CV4xBhX7VDOTbL7ZR4FOowwY/VOtRxBN/yKxmdGoIp4j5ysNT4u3S2pDQ3Q==

once@^1.3.1, once@^1.4.0:
  version "1.4.0"
  resolved "https://registry.yarnpkg.com/once/-/once-1.4.0.tgz#583b1aa775961d4b113ac17d9c50baef9dd76bd1"
  integrity sha1-WDsap3WWHUsROsF9nFC6753Xa9E=
  dependencies:
    wrappy "1"

ow@^0.27.0:
  version "0.27.0"
  resolved "https://registry.yarnpkg.com/ow/-/ow-0.27.0.tgz#d44da088e8184fa11de64b5813206f9f86ab68d0"
  integrity sha512-SGnrGUbhn4VaUGdU0EJLMwZWSupPmF46hnTRII7aCLCrqixTAC5eKo8kI4/XXf1eaaI8YEVT+3FeGNJI9himAQ==
  dependencies:
    "@sindresorhus/is" "^4.0.1"
    callsites "^3.1.0"
    dot-prop "^6.0.1"
    lodash.isequal "^4.5.0"
    type-fest "^1.2.1"
    vali-date "^1.0.0"

petitio@^1.3.2:
  version "1.3.2"
  resolved "https://registry.yarnpkg.com/petitio/-/petitio-1.3.2.tgz#01590497972a2dbfd3bf4e49d1efa4f3b1fdc693"
  integrity sha512-hbbT+rOvovz39ZneGW+C8B4YsKH20KLXYVDT/IzSUxaY8H7al/TO+vFCm+H5cnYe62gIqF9ak5p8OJktV/I0Ig==

pino-abstract-transport@^0.3.0:
  version "0.3.0"
  resolved "https://registry.yarnpkg.com/pino-abstract-transport/-/pino-abstract-transport-0.3.0.tgz#9925d826a1b6e9a667ca43d14981d82240edd794"
  integrity sha512-jsd59/ruahIoIU4xAdFtvk3lS9rwsDNJ7Vi0K34ATh1PEOD796SPqvydMaRk296CeTROyBG0SNCwsshN6QhxVg==
  dependencies:
    split2 "^3.2.2"

"pino-pretty@git+https://github.com/pinojs/pino-pretty.git#7a0c8768a3427314de8e7659aa1707b83d3dfbdf":
  version "7.0.1"
  resolved "git+https://github.com/pinojs/pino-pretty.git#7a0c8768a3427314de8e7659aa1707b83d3dfbdf"
  dependencies:
    args "^5.0.1"
    colorette "^2.0.7"
    dateformat "^4.6.3"
    fast-safe-stringify "^2.0.7"
    joycon "^3.0.0"
    pino-abstract-transport "^0.3.0"
    pump "^3.0.0"
    readable-stream "^3.6.0"
    rfdc "^1.3.0"
    secure-json-parse "^2.4.0"
    sonic-boom "^2.2.0"
    strip-json-comments "^3.1.1"

pino-std-serializers@^3.1.0:
  version "3.2.0"
  resolved "https://registry.yarnpkg.com/pino-std-serializers/-/pino-std-serializers-3.2.0.tgz#b56487c402d882eb96cd67c257868016b61ad671"
  integrity sha512-EqX4pwDPrt3MuOAAUBMU0Tk5kR/YcCM5fNPEzgCO2zJ5HfX0vbiH9HbJglnyeQsN96Kznae6MWD47pZB5avTrg==

pino@^6.13.3:
  version "6.13.3"
  resolved "https://registry.yarnpkg.com/pino/-/pino-6.13.3.tgz#60b93bcda1541f92fb37b3f2be0a25cf1d05b6fe"
  integrity sha512-tJy6qVgkh9MwNgqX1/oYi3ehfl2Y9H0uHyEEMsBe74KinESIjdMrMQDWpcZPpPicg3VV35d/GLQZmo4QgU2Xkg==
  dependencies:
    fast-redact "^3.0.0"
    fast-safe-stringify "^2.0.8"
    fastify-warning "^0.2.0"
    flatstr "^1.0.12"
    pino-std-serializers "^3.1.0"
    quick-format-unescaped "^4.0.3"
    sonic-boom "^1.0.2"

pump@^3.0.0:
  version "3.0.0"
  resolved "https://registry.yarnpkg.com/pump/-/pump-3.0.0.tgz#b4a2116815bde2f4e1ea602354e8c75565107a64"
  integrity sha512-LwZy+p3SFs1Pytd/jYct4wpv49HiYCqd9Rlc5ZVdk0V+8Yzv6jR5Blk3TRmPL1ft69TxP0IMZGJ+WPFU2BFhww==
  dependencies:
    end-of-stream "^1.1.0"
    once "^1.3.1"

quick-format-unescaped@^4.0.3:
  version "4.0.4"
  resolved "https://registry.yarnpkg.com/quick-format-unescaped/-/quick-format-unescaped-4.0.4.tgz#93ef6dd8d3453cbc7970dd614fad4c5954d6b5a7"
  integrity sha512-tYC1Q1hgyRuHgloV/YXs2w15unPVh8qfu/qCTfhTYamaw7fyhumKa2yGpdSo87vY32rIclj+4fWYQXUMs9EHvg==

readable-stream@^3.0.0, readable-stream@^3.6.0:
  version "3.6.0"
  resolved "https://registry.yarnpkg.com/readable-stream/-/readable-stream-3.6.0.tgz#337bbda3adc0706bd3e024426a286d4b4b2c9198"
  integrity sha512-BViHy7LKeTz4oNnkcLJ+lVSL6vpiFeX6/d3oSH8zCW7UxP2onchk+vTGB143xuFjHS3deTgkKoXXymXqymiIdA==
  dependencies:
    inherits "^2.0.3"
    string_decoder "^1.1.1"
    util-deprecate "^1.0.1"

rfdc@^1.3.0:
  version "1.3.0"
  resolved "https://registry.yarnpkg.com/rfdc/-/rfdc-1.3.0.tgz#d0b7c441ab2720d05dc4cf26e01c89631d9da08b"
  integrity sha512-V2hovdzFbOi77/WajaSMXk2OLm+xNIeQdMMuB7icj7bk6zi2F8GGAxigcnDFpJHbNyNcgyJDiP+8nOrY5cZGrA==

safe-buffer@~5.2.0:
  version "5.2.1"
  resolved "https://registry.yarnpkg.com/safe-buffer/-/safe-buffer-5.2.1.tgz#1eaf9fa9bdb1fdd4ec75f58f9cdb4e6b7827eec6"
  integrity sha512-rp3So07KcdmmKbGvgaNxQSJr7bGVSVk5S9Eq1F+ppbRo70+YeaDxkw5Dd8NPN+GD6bjnYm2VuPuCXmpuYvmCXQ==

secure-json-parse@^2.4.0:
  version "2.4.0"
  resolved "https://registry.yarnpkg.com/secure-json-parse/-/secure-json-parse-2.4.0.tgz#5aaeaaef85c7a417f76271a4f5b0cc3315ddca85"
  integrity sha512-Q5Z/97nbON5t/L/sH6mY2EacfjVGwrCcSi5D3btRO2GZ8pf1K1UN7Z9H5J57hjVU2Qzxr1xO+FmBhOvEkzCMmg==

sonic-boom@^1.0.2:
  version "1.4.1"
  resolved "https://registry.yarnpkg.com/sonic-boom/-/sonic-boom-1.4.1.tgz#d35d6a74076624f12e6f917ade7b9d75e918f53e"
  integrity sha512-LRHh/A8tpW7ru89lrlkU4AszXt1dbwSjVWguGrmlxE7tawVmDBlI1PILMkXAxJTwqhgsEeTHzj36D5CmHgQmNg==
  dependencies:
    atomic-sleep "^1.0.0"
    flatstr "^1.0.12"

sonic-boom@^2.1.0, sonic-boom@^2.2.0:
  version "2.2.3"
  resolved "https://registry.yarnpkg.com/sonic-boom/-/sonic-boom-2.2.3.tgz#4b97146c4986481b5245aec371bde025415db532"
  integrity sha512-dm32bzlBchhXoJZe0yLY/kdYsHtXhZphidIcCzJib1aEjfciZyvHJ3NjA1zh6jJCO/OBLfdjc5iw6jLS/Go2fg==
  dependencies:
    atomic-sleep "^1.0.0"

split2@^3.2.2:
  version "3.2.2"
  resolved "https://registry.yarnpkg.com/split2/-/split2-3.2.2.tgz#bf2cf2a37d838312c249c89206fd7a17dd12365f"
  integrity sha512-9NThjpgZnifTkJpzTZ7Eue85S49QwpNhZTq6GRJwObb6jnLFNGB7Qm73V5HewTROPyxD0C29xqmaI68bQtV+hg==
  dependencies:
    readable-stream "^3.0.0"

string_decoder@^1.1.1:
  version "1.3.0"
  resolved "https://registry.yarnpkg.com/string_decoder/-/string_decoder-1.3.0.tgz#42f114594a46cf1a8e30b0a84f56c78c3edac21e"
  integrity sha512-hkRX8U1WjJFd8LsDJ2yQ/wWWxaopEsABU1XfkM8A+j0+85JAGppt16cr1Whg6KIbb4okU6Mql6BOj+uup/wKeA==
  dependencies:
    safe-buffer "~5.2.0"

strip-json-comments@^3.1.1:
  version "3.1.1"
  resolved "https://registry.yarnpkg.com/strip-json-comments/-/strip-json-comments-3.1.1.tgz#31f1281b3832630434831c310c01cccda8cbe006"
  integrity sha512-6fPc+R4ihwqP6N/aIv2f1gMH8lOVtWQHoqC4yK6oSDVVocumAsfCqjkXnqiYMhmMwS/mEHLp7Vehlt3ql6lEig==

supports-color@^5.3.0:
  version "5.5.0"
  resolved "https://registry.yarnpkg.com/supports-color/-/supports-color-5.5.0.tgz#e2e69a44ac8772f78a1ec0b35b689df6530efc8f"
  integrity sha512-QjVjwdXIt408MIiAqCX4oUKsgU2EqAGzs2Ppkm4aQYbjm+ZEWEcW4SfFNTr4uMNZma0ey4f5lgLrkB0aX0QMow==
  dependencies:
    has-flag "^3.0.0"

tr46@~0.0.3:
  version "0.0.3"
  resolved "https://registry.yarnpkg.com/tr46/-/tr46-0.0.3.tgz#8184fd347dac9cdc185992f3a6622e14b9d9ab6a"
  integrity sha1-gYT9NH2snNwYWZLzpmIuFLnZq2o=

ts-mixer@^6.0.0:
  version "6.0.0"
  resolved "https://registry.yarnpkg.com/ts-mixer/-/ts-mixer-6.0.0.tgz#4e631d3a36e3fa9521b973b132e8353bc7267f9f"
  integrity sha512-nXIb1fvdY5CBSrDIblLn73NW0qRDk5yJ0Sk1qPBF560OdJfQp9jhl+0tzcY09OZ9U+6GpeoI9RjwoIKFIoB9MQ==

tslib@^2.3.0:
  version "2.3.1"
  resolved "https://registry.yarnpkg.com/tslib/-/tslib-2.3.1.tgz#e8a335add5ceae51aa261d32a490158ef042ef01"
  integrity sha512-77EbyPPpMz+FRFRuAFlWMtmgUWGe9UOG2Z25NqCwiIjRhOf5iKGuzSe5P2w1laq+FkRy4p+PCuVkJSGkzTEKVw==

type-fest@^1.2.1:
  version "1.4.0"
  resolved "https://registry.yarnpkg.com/type-fest/-/type-fest-1.4.0.tgz#e9fb813fe3bf1744ec359d55d1affefa76f14be1"
  integrity sha512-yGSza74xk0UG8k+pLh5oeoYirvIiWo5t0/o3zHHAO2tRDiZcxWP7fywNlXhqb6/r6sWvwi+RsyQMWhVLe4BVuA==

typescript@^4.4.3:
  version "4.4.3"
  resolved "https://registry.yarnpkg.com/typescript/-/typescript-4.4.3.tgz#bdc5407caa2b109efd4f82fe130656f977a29324"
  integrity sha512-4xfscpisVgqqDfPaJo5vkd+Qd/ItkoagnHpufr+i2QCHBsNYp+G7UAoyFl8aPtx879u38wPV65rZ8qbGZijalA==

utf-8-validate@^5.0.5:
  version "5.0.5"
  resolved "https://registry.yarnpkg.com/utf-8-validate/-/utf-8-validate-5.0.5.tgz#dd32c2e82c72002dc9f02eb67ba6761f43456ca1"
  integrity sha512-+pnxRYsS/axEpkrrEpzYfNZGXp0IjC/9RIxwM5gntY4Koi8SHmUGSfxfWqxZdRxrtaoVstuOzUp/rbs3JSPELQ==
  dependencies:
    node-gyp-build "^4.2.0"

util-deprecate@^1.0.1:
  version "1.0.2"
  resolved "https://registry.yarnpkg.com/util-deprecate/-/util-deprecate-1.0.2.tgz#450d4dc9fa70de732762fbd2d4a28981419a0ccf"
  integrity sha1-RQ1Nyfpw3nMnYvvS1KKJgUGaDM8=

vali-date@^1.0.0:
  version "1.0.0"
  resolved "https://registry.yarnpkg.com/vali-date/-/vali-date-1.0.0.tgz#1b904a59609fb328ef078138420934f6b86709a6"
  integrity sha1-G5BKWWCfsyjvB4E4Qgk09rhnCaY=

webidl-conversions@^3.0.0:
  version "3.0.1"
  resolved "https://registry.yarnpkg.com/webidl-conversions/-/webidl-conversions-3.0.1.tgz#24534275e2a7bc6be7bc86611cc16ae0a5654871"
  integrity sha1-JFNCdeKnvGvnvIZhHMFq4KVlSHE=

whatwg-url@^5.0.0:
  version "5.0.0"
  resolved "https://registry.yarnpkg.com/whatwg-url/-/whatwg-url-5.0.0.tgz#966454e8765462e37644d3626f6742ce8b70965d"
  integrity sha1-lmRU6HZUYuN2RNNib2dCzotwll0=
  dependencies:
    tr46 "~0.0.3"
    webidl-conversions "^3.0.0"

wrappy@1:
  version "1.0.2"
  resolved "https://registry.yarnpkg.com/wrappy/-/wrappy-1.0.2.tgz#b5243d8f3ec1aa35f1364605bc0d1036e30ab69f"
  integrity sha1-tSQ9jz7BqjXxNkYFvA0QNuMKtp8=

ws@^7.5.1:
  version "7.5.5"
  resolved "https://registry.yarnpkg.com/ws/-/ws-7.5.5.tgz#8b4bc4af518cfabd0473ae4f99144287b33eb881"
  integrity sha512-BAkMFcAzl8as1G/hArkxOxq3G7pjUqQ3gzYbLL0/5zNkph70e+lCoxBGnm6AW1+/aiNeV4fnKqZ8m4GZewmH2w==

ws@^8.1.0:
  version "8.2.2"
  resolved "https://registry.yarnpkg.com/ws/-/ws-8.2.2.tgz#ca684330c6dd6076a737250ed81ac1606cb0a63e"
  integrity sha512-Q6B6H2oc8QY3llc3cB8kVmQ6pnJWVQbP7Q5algTcIxx7YEpc0oU4NBVHlztA7Ekzfhw2r0rPducMUiCGWKQRzw==
